
Microsoft Visual Studio Solution File, Format Version 12.00
# Visual Studio Version 17
VisualStudioVersion = 17.0.31903.59
MinimumVisualStudioVersion = 10.0.40219.1
Project("{FAE04EC0-301F-11D3-BF4B-00C04F79EFBC}") = "MagIA.Agent", "MagIA.Agent\MagIA.Agent.csproj", "{9DF9EC48-7781-4EFC-B631-D2A6E6915559}"
EndProject
Project("{FAE04EC0-301F-11D3-BF4B-00C04F79EFBC}") = "MagIA.HelloSK", "MagIA.HelloSK\MagIA.HelloSK.csproj", "{181C9BE6-E124-432B-B758-E312F387C8A2}"
EndProject
Project("{FAE04EC0-301F-11D3-BF4B-00C04F79EFBC}") = "Abyx.Orchestrator", "Abyx.Orchestrator\Abyx.Orchestrator.csproj", "{0A171CEC-FA56-43AE-A138-40B616FCC064}"
EndProject
Project("{2150E333-8FDC-42A3-9474-1A3956D46DE8}") = "Solution Items", "Solution Items", "{F8D04A47-B17C-4C97-9BCB-1A0DC67E5DB4}"
    ProjectSection(SolutionItems) = preProject
        ..\README.md = ..\README.md
    EndProjectSection
EndProject
Global
	GlobalSection(SolutionConfigurationPlatforms) = preSolution
		Debug|Any CPU = Debug|Any CPU
		Debug|x64 = Debug|x64
		Debug|x86 = Debug|x86
		Release|Any CPU = Release|Any CPU
		Release|x64 = Release|x64
		Release|x86 = Release|x86
	EndGlobalSection
	GlobalSection(ProjectConfigurationPlatforms) = postSolution
		{9DF9EC48-7781-4EFC-B631-D2A6E6915559}.Debug|Any CPU.ActiveCfg = Debug|Any CPU
		{9DF9EC48-7781-4EFC-B631-D2A6E6915559}.Debug|Any CPU.Build.0 = Debug|Any CPU
		{9DF9EC48-7781-4EFC-B631-D2A6E6915559}.Debug|x64.ActiveCfg = Debug|Any CPU
		{9DF9EC48-7781-4EFC-B631-D2A6E6915559}.Debug|x64.Build.0 = Debug|Any CPU
		{9DF9EC48-7781-4EFC-B631-D2A6E6915559}.Debug|x86.ActiveCfg = Debug|Any CPU
		{9DF9EC48-7781-4EFC-B631-D2A6E6915559}.Debug|x86.Build.0 = Debug|Any CPU
		{9DF9EC48-7781-4EFC-B631-D2A6E6915559}.Release|Any CPU.ActiveCfg = Release|Any CPU
		{9DF9EC48-7781-4EFC-B631-D2A6E6915559}.Release|Any CPU.Build.0 = Release|Any CPU
		{9DF9EC48-7781-4EFC-B631-D2A6E6915559}.Release|x64.ActiveCfg = Release|Any CPU
		{9DF9EC48-7781-4EFC-B631-D2A6E6915559}.Release|x64.Build.0 = Release|Any CPU
		{9DF9EC48-7781-4EFC-B631-D2A6E6915559}.Release|x86.ActiveCfg = Release|Any CPU
		{9DF9EC48-7781-4EFC-B631-D2A6E6915559}.Release|x86.Build.0 = Release|Any CPU
		{181C9BE6-E124-432B-B758-E312F387C8A2}.Debug|Any CPU.ActiveCfg = Debug|Any CPU
		{181C9BE6-E124-432B-B758-E312F387C8A2}.Debug|Any CPU.Build.0 = Debug|Any CPU
		{181C9BE6-E124-432B-B758-E312F387C8A2}.Debug|x64.ActiveCfg = Debug|Any CPU
		{181C9BE6-E124-432B-B758-E312F387C8A2}.Debug|x64.Build.0 = Debug|Any CPU
		{181C9BE6-E124-432B-B758-E312F387C8A2}.Debug|x86.ActiveCfg = Debug|Any CPU
		{181C9BE6-E124-432B-B758-E312F387C8A2}.Debug|x86.Build.0 = Debug|Any CPU
		{181C9BE6-E124-432B-B758-E312F387C8A2}.Release|Any CPU.ActiveCfg = Release|Any CPU
		{181C9BE6-E124-432B-B758-E312F387C8A2}.Release|Any CPU.Build.0 = Release|Any CPU
		{181C9BE6-E124-432B-B758-E312F387C8A2}.Release|x64.ActiveCfg = Release|Any CPU
		{181C9BE6-E124-432B-B758-E312F387C8A2}.Release|x64.Build.0 = Release|Any CPU
		{181C9BE6-E124-432B-B758-E312F387C8A2}.Release|x86.ActiveCfg = Release|Any CPU
		{181C9BE6-E124-432B-B758-E312F387C8A2}.Release|x86.Build.0 = Release|Any CPU
		{0A171CEC-FA56-43AE-A138-40B616FCC064}.Debug|Any CPU.ActiveCfg = Debug|Any CPU
		{0A171CEC-FA56-43AE-A138-40B616FCC064}.Debug|Any CPU.Build.0 = Debug|Any CPU
		{0A171CEC-FA56-43AE-A138-40B616FCC064}.Debug|x64.ActiveCfg = Debug|Any CPU
		{0A171CEC-FA56-43AE-A138-40B616FCC064}.Debug|x64.Build.0 = Debug|Any CPU
		{0A171CEC-FA56-43AE-A138-40B616FCC064}.Debug|x86.ActiveCfg = Debug|Any CPU
		{0A171CEC-FA56-43AE-A138-40B616FCC064}.Debug|x86.Build.0 = Debug|Any CPU
		{0A171CEC-FA56-43AE-A138-40B616FCC064}.Release|Any CPU.ActiveCfg = Release|Any CPU
		{0A171CEC-FA56-43AE-A138-40B616FCC064}.Release|Any CPU.Build.0 = Release|Any CPU
		{0A171CEC-FA56-43AE-A138-40B616FCC064}.Release|x64.ActiveCfg = Release|Any CPU
		{0A171CEC-FA56-43AE-A138-40B616FCC064}.Release|x64.Build.0 = Release|Any CPU
		{0A171CEC-FA56-43AE-A138-40B616FCC064}.Release|x86.ActiveCfg = Release|Any CPU
		{0A171CEC-FA56-43AE-A138-40B616FCC064}.Release|x86.Build.0 = Release|Any CPU
	EndGlobalSection
	GlobalSection(SolutionProperties) = preSolution
		HideSolutionNode = FALSE
	EndGlobalSection
EndGlobal
